
Microsoft Visual Studio Solution File, Format Version 12.00
# Visual Studio Version 16
VisualStudioVersion = 16.0.33529.622
MinimumVisualStudioVersion = 10.0.40219.1
Project("{FAE04EC0-301F-11D3-BF4B-00C04F79EFBC}") = "AsyncPractices", "AsyncPractices\AsyncPractices.csproj", "{3449972F-90F8-4CCA-AF69-5B5AC564E2F8}"
EndProject
Project("{FAE04EC0-301F-11D3-BF4B-00C04F79EFBC}") = "New Word Reverser", "New Word Reverser\New Word Reverser.csproj", "{B6F5BD9F-696D-43D3-A800-FDBB2D6670CD}"
EndProject
Project("{FAE04EC0-301F-11D3-BF4B-00C04F79EFBC}") = "PigLatinSentences", "PigLatinSentences\PigLatinSentences.csproj", "{A1BD6C5E-BA2C-4DCB-B2D2-05224AD682EE}"
EndProject
Project("{FAE04EC0-301F-11D3-BF4B-00C04F79EFBC}") = "Plinq", "Plinq\Plinq.csproj", "{0C982409-1EA2-443C-AA22-CF6DD532699F}"
EndProject
Global
	GlobalSection(SolutionConfigurationPlatforms) = preSolution
		Debug|Any CPU = Debug|Any CPU
		Release|Any CPU = Release|Any CPU
	EndGlobalSection
	GlobalSection(ProjectConfigurationPlatforms) = postSolution
		{3449972F-90F8-4CCA-AF69-5B5AC564E2F8}.Debug|Any CPU.ActiveCfg = Debug|Any CPU
		{3449972F-90F8-4CCA-AF69-5B5AC564E2F8}.Debug|Any CPU.Build.0 = Debug|Any CPU
		{3449972F-90F8-4CCA-AF69-5B5AC564E2F8}.Release|Any CPU.ActiveCfg = Release|Any CPU
		{3449972F-90F8-4CCA-AF69-5B5AC564E2F8}.Release|Any CPU.Build.0 = Release|Any CPU
		{B6F5BD9F-696D-43D3-A800-FDBB2D6670CD}.Debug|Any CPU.ActiveCfg = Debug|Any CPU
		{B6F5BD9F-696D-43D3-A800-FDBB2D6670CD}.Debug|Any CPU.Build.0 = Debug|Any CPU
		{B6F5BD9F-696D-43D3-A800-FDBB2D6670CD}.Release|Any CPU.ActiveCfg = Release|Any CPU
		{B6F5BD9F-696D-43D3-A800-FDBB2D6670CD}.Release|Any CPU.Build.0 = Release|Any CPU
		{A1BD6C5E-BA2C-4DCB-B2D2-05224AD682EE}.Debug|Any CPU.ActiveCfg = Debug|Any CPU
		{A1BD6C5E-BA2C-4DCB-B2D2-05224AD682EE}.Debug|Any CPU.Build.0 = Debug|Any CPU
		{A1BD6C5E-BA2C-4DCB-B2D2-05224AD682EE}.Release|Any CPU.ActiveCfg = Release|Any CPU
		{A1BD6C5E-BA2C-4DCB-B2D2-05224AD682EE}.Release|Any CPU.Build.0 = Release|Any CPU
		{0C982409-1EA2-443C-AA22-CF6DD532699F}.Debug|Any CPU.ActiveCfg = Debug|Any CPU
		{0C982409-1EA2-443C-AA22-CF6DD532699F}.Debug|Any CPU.Build.0 = Debug|Any CPU
		{0C982409-1EA2-443C-AA22-CF6DD532699F}.Release|Any CPU.ActiveCfg = Release|Any CPU
		{0C982409-1EA2-443C-AA22-CF6DD532699F}.Release|Any CPU.Build.0 = Release|Any CPU
	EndGlobalSection
	GlobalSection(SolutionProperties) = preSolution
		HideSolutionNode = FALSE
	EndGlobalSection
	GlobalSection(ExtensibilityGlobals) = postSolution
		SolutionGuid = {3DF19EA7-CA0C-4306-8971-74982E042183}
	EndGlobalSection
EndGlobal
